
Microsoft Visual Studio Solution File, Format Version 12.00
# Visual Studio Version 16
VisualStudioVersion = 16.0.31005.135
MinimumVisualStudioVersion = 10.0.40219.1
Project("{FAE04EC0-301F-11D3-BF4B-00C04F79EFBC}") = "Assignment5", "Assignment5\Assignment5.csproj", "{A1C85096-68F3-4D4D-8FDC-F00D13080CAA}"
EndProject
Global
	GlobalSection(SolutionConfigurationPlatforms) = preSolution
		Debug|Any CPU = Debug|Any CPU
		Release|Any CPU = Release|Any CPU
	EndGlobalSection
	GlobalSection(ProjectConfigurationPlatforms) = postSolution
		{A1C85096-68F3-4D4D-8FDC-F00D13080CAA}.Debug|Any CPU.ActiveCfg = Debug|Any CPU
		{A1C85096-68F3-4D4D-8FDC-F00D13080CAA}.Debug|Any CPU.Build.0 = Debug|Any CPU
		{A1C85096-68F3-4D4D-8FDC-F00D13080CAA}.Release|Any CPU.ActiveCfg = Release|Any CPU
		{A1C85096-68F3-4D4D-8FDC-F00D13080CAA}.Release|Any CPU.Build.0 = Release|Any CPU
	EndGlobalSection
	GlobalSection(SolutionProperties) = preSolution
		HideSolutionNode = FALSE
	EndGlobalSection
	GlobalSection(ExtensibilityGlobals) = postSolution
		SolutionGuid = {18AD77ED-53A2-43A2-8315-C3131D41433B}
	EndGlobalSection
EndGlobal
